# This file is automatically @generated by Cargo.
# It is not intended for manual editing.
version = 4

[[package]]
name = "hscrcpy-contracts"
version = "0.1.0"

[[package]]
name = "hscrcpy-host"
version = "0.1.0"
dependencies = [
 "hscrcpy-contracts",
]

[[package]]
name = "hscrcpy-host-cli"
version = "0.1.0"
dependencies = [
 "hscrcpy-contracts",
 "hscrcpy-host",
]
